
Microsoft Visual Studio Solution File, Format Version 12.00
# Visual Studio Version 16
VisualStudioVersion = 16.0.32901.82
MinimumVisualStudioVersion = 10.0.40219.1
Project("{FAE04EC0-301F-11D3-BF4B-00C04F79EFBC}") = "学生管理系统", "学生管理系统.csproj", "{3B63B268-AF73-4864-B38B-BE94A45FF30C}"
EndProject
Global
	GlobalSection(SolutionConfigurationPlatforms) = preSolution
		Debug|Any CPU = Debug|Any CPU
		Release|Any CPU = Release|Any CPU
	EndGlobalSection
	GlobalSection(ProjectConfigurationPlatforms) = postSolution
		{3B63B268-AF73-4864-B38B-BE94A45FF30C}.Debug|Any CPU.ActiveCfg = Debug|Any CPU
		{3B63B268-AF73-4864-B38B-BE94A45FF30C}.Debug|Any CPU.Build.0 = Debug|Any CPU
		{3B63B268-AF73-4864-B38B-BE94A45FF30C}.Release|Any CPU.ActiveCfg = Release|Any CPU
		{3B63B268-AF73-4864-B38B-BE94A45FF30C}.Release|Any CPU.Build.0 = Release|Any CPU
	EndGlobalSection
	GlobalSection(SolutionProperties) = preSolution
		HideSolutionNode = FALSE
	EndGlobalSection
	GlobalSection(ExtensibilityGlobals) = postSolution
		SolutionGuid = {7C6A050D-403D-40E8-B719-D441AA068D9F}
	EndGlobalSection
EndGlobal
